
Microsoft Visual Studio Solution File, Format Version 12.00
# Visual Studio Version 17
VisualStudioVersion = 17.0.31903.59
MinimumVisualStudioVersion = 10.0.40219.1
Project("{2150E333-8FDC-42A3-9474-1A3956D46DE8}") = "src", "src", "{827E0CD3-B72D-47B6-A68D-7590B98EB39B}"
EndProject
Project("{FAE04EC0-301F-11D3-BF4B-00C04F79EFBC}") = "NbtDiff.Nbt", "src\NbtDiff.Nbt\NbtDiff.Nbt.csproj", "{982384CA-52FA-406B-B31C-331A19CC5ABB}"
EndProject
Project("{FAE04EC0-301F-11D3-BF4B-00C04F79EFBC}") = "NbtDiff.Core", "src\NbtDiff.Core\NbtDiff.Core.csproj", "{F61808E1-C5BB-428D-87A4-C0FB66CFDC02}"
EndProject
Project("{2150E333-8FDC-42A3-9474-1A3956D46DE8}") = "tests", "tests", "{0AB3BF05-4346-4AA6-1389-037BE0695223}"
EndProject
Project("{FAE04EC0-301F-11D3-BF4B-00C04F79EFBC}") = "NbtDiff.TestFixtures", "tests\NbtDiff.TestFixtures\NbtDiff.TestFixtures.csproj", "{BC1A8030-94A5-4BE8-9CFD-6E7A58CDEE24}"
EndProject
Project("{FAE04EC0-301F-11D3-BF4B-00C04F79EFBC}") = "NbtDiff.Nbt.Tests", "tests\NbtDiff.Nbt.Tests\NbtDiff.Nbt.Tests.csproj", "{F5D448E0-F189-4299-B60B-A981395F9DB3}"
EndProject
Project("{FAE04EC0-301F-11D3-BF4B-00C04F79EFBC}") = "NbtDiff.Core.Tests", "tests\NbtDiff.Core.Tests\NbtDiff.Core.Tests.csproj", "{4EB7E3B7-6486-4815-B525-943EBD02EB47}"
EndProject
Project("{FAE04EC0-301F-11D3-BF4B-00C04F79EFBC}") = "NbtDiff.App.Tests", "tests\NbtDiff.App.Tests\NbtDiff.App.Tests.csproj", "{38B3B203-0F83-4FEA-9E00-70D7ED1D427C}"
EndProject
Project("{FAE04EC0-301F-11D3-BF4B-00C04F79EFBC}") = "NbtDiff.App", "src\NbtDiff.App\NbtDiff.App.csproj", "{C96FEB9A-D14E-4F00-8A3F-B312F408525F}"
EndProject
Global
	GlobalSection(SolutionConfigurationPlatforms) = preSolution
		Debug|Any CPU = Debug|Any CPU
		Debug|x64 = Debug|x64
		Debug|x86 = Debug|x86
		Release|Any CPU = Release|Any CPU
		Release|x64 = Release|x64
		Release|x86 = Release|x86
	EndGlobalSection
	GlobalSection(ProjectConfigurationPlatforms) = postSolution
		{982384CA-52FA-406B-B31C-331A19CC5ABB}.Debug|Any CPU.ActiveCfg = Debug|Any CPU
		{982384CA-52FA-406B-B31C-331A19CC5ABB}.Debug|Any CPU.Build.0 = Debug|Any CPU
		{982384CA-52FA-406B-B31C-331A19CC5ABB}.Debug|x64.ActiveCfg = Debug|Any CPU
		{982384CA-52FA-406B-B31C-331A19CC5ABB}.Debug|x64.Build.0 = Debug|Any CPU
		{982384CA-52FA-406B-B31C-331A19CC5ABB}.Debug|x86.ActiveCfg = Debug|Any CPU
		{982384CA-52FA-406B-B31C-331A19CC5ABB}.Debug|x86.Build.0 = Debug|Any CPU
		{982384CA-52FA-406B-B31C-331A19CC5ABB}.Release|Any CPU.ActiveCfg = Release|Any CPU
		{982384CA-52FA-406B-B31C-331A19CC5ABB}.Release|Any CPU.Build.0 = Release|Any CPU
		{982384CA-52FA-406B-B31C-331A19CC5ABB}.Release|x64.ActiveCfg = Release|Any CPU
		{982384CA-52FA-406B-B31C-331A19CC5ABB}.Release|x64.Build.0 = Release|Any CPU
		{982384CA-52FA-406B-B31C-331A19CC5ABB}.Release|x86.ActiveCfg = Release|Any CPU
		{982384CA-52FA-406B-B31C-331A19CC5ABB}.Release|x86.Build.0 = Release|Any CPU
		{F61808E1-C5BB-428D-87A4-C0FB66CFDC02}.Debug|Any CPU.ActiveCfg = Debug|Any CPU
		{F61808E1-C5BB-428D-87A4-C0FB66CFDC02}.Debug|Any CPU.Build.0 = Debug|Any CPU
		{F61808E1-C5BB-428D-87A4-C0FB66CFDC02}.Debug|x64.ActiveCfg = Debug|Any CPU
		{F61808E1-C5BB-428D-87A4-C0FB66CFDC02}.Debug|x64.Build.0 = Debug|Any CPU
		{F61808E1-C5BB-428D-87A4-C0FB66CFDC02}.Debug|x86.ActiveCfg = Debug|Any CPU
		{F61808E1-C5BB-428D-87A4-C0FB66CFDC02}.Debug|x86.Build.0 = Debug|Any CPU
		{F61808E1-C5BB-428D-87A4-C0FB66CFDC02}.Release|Any CPU.ActiveCfg = Release|Any CPU
		{F61808E1-C5BB-428D-87A4-C0FB66CFDC02}.Release|Any CPU.Build.0 = Release|Any CPU
		{F61808E1-C5BB-428D-87A4-C0FB66CFDC02}.Release|x64.ActiveCfg = Release|Any CPU
		{F61808E1-C5BB-428D-87A4-C0FB66CFDC02}.Release|x64.Build.0 = Release|Any CPU
		{F61808E1-C5BB-428D-87A4-C0FB66CFDC02}.Release|x86.ActiveCfg = Release|Any CPU
		{F61808E1-C5BB-428D-87A4-C0FB66CFDC02}.Release|x86.Build.0 = Release|Any CPU
		{BC1A8030-94A5-4BE8-9CFD-6E7A58CDEE24}.Debug|Any CPU.ActiveCfg = Debug|Any CPU
		{BC1A8030-94A5-4BE8-9CFD-6E7A58CDEE24}.Debug|Any CPU.Build.0 = Debug|Any CPU
		{BC1A8030-94A5-4BE8-9CFD-6E7A58CDEE24}.Debug|x64.ActiveCfg = Debug|Any CPU
		{BC1A8030-94A5-4BE8-9CFD-6E7A58CDEE24}.Debug|x64.Build.0 = Debug|Any CPU
		{BC1A8030-94A5-4BE8-9CFD-6E7A58CDEE24}.Debug|x86.ActiveCfg = Debug|Any CPU
		{BC1A8030-94A5-4BE8-9CFD-6E7A58CDEE24}.Debug|x86.Build.0 = Debug|Any CPU
		{BC1A8030-94A5-4BE8-9CFD-6E7A58CDEE24}.Release|Any CPU.ActiveCfg = Release|Any CPU
		{BC1A8030-94A5-4BE8-9CFD-6E7A58CDEE24}.Release|Any CPU.Build.0 = Release|Any CPU
		{BC1A8030-94A5-4BE8-9CFD-6E7A58CDEE24}.Release|x64.ActiveCfg = Release|Any CPU
		{BC1A8030-94A5-4BE8-9CFD-6E7A58CDEE24}.Release|x64.Build.0 = Release|Any CPU
		{BC1A8030-94A5-4BE8-9CFD-6E7A58CDEE24}.Release|x86.ActiveCfg = Release|Any CPU
		{BC1A8030-94A5-4BE8-9CFD-6E7A58CDEE24}.Release|x86.Build.0 = Release|Any CPU
		{F5D448E0-F189-4299-B60B-A981395F9DB3}.Debug|Any CPU.ActiveCfg = Debug|Any CPU
		{F5D448E0-F189-4299-B60B-A981395F9DB3}.Debug|Any CPU.Build.0 = Debug|Any CPU
		{F5D448E0-F189-4299-B60B-A981395F9DB3}.Debug|x64.ActiveCfg = Debug|Any CPU
		{F5D448E0-F189-4299-B60B-A981395F9DB3}.Debug|x64.Build.0 = Debug|Any CPU
		{F5D448E0-F189-4299-B60B-A981395F9DB3}.Debug|x86.ActiveCfg = Debug|Any CPU
		{F5D448E0-F189-4299-B60B-A981395F9DB3}.Debug|x86.Build.0 = Debug|Any CPU
		{F5D448E0-F189-4299-B60B-A981395F9DB3}.Release|Any CPU.ActiveCfg = Release|Any CPU
		{F5D448E0-F189-4299-B60B-A981395F9DB3}.Release|Any CPU.Build.0 = Release|Any CPU
		{F5D448E0-F189-4299-B60B-A981395F9DB3}.Release|x64.ActiveCfg = Release|Any CPU
		{F5D448E0-F189-4299-B60B-A981395F9DB3}.Release|x64.Build.0 = Release|Any CPU
		{F5D448E0-F189-4299-B60B-A981395F9DB3}.Release|x86.ActiveCfg = Release|Any CPU
		{F5D448E0-F189-4299-B60B-A981395F9DB3}.Release|x86.Build.0 = Release|Any CPU
		{4EB7E3B7-6486-4815-B525-943EBD02EB47}.Debug|Any CPU.ActiveCfg = Debug|Any CPU
		{4EB7E3B7-6486-4815-B525-943EBD02EB47}.Debug|Any CPU.Build.0 = Debug|Any CPU
		{4EB7E3B7-6486-4815-B525-943EBD02EB47}.Debug|x64.ActiveCfg = Debug|Any CPU
		{4EB7E3B7-6486-4815-B525-943EBD02EB47}.Debug|x64.Build.0 = Debug|Any CPU
		{4EB7E3B7-6486-4815-B525-943EBD02EB47}.Debug|x86.ActiveCfg = Debug|Any CPU
		{4EB7E3B7-6486-4815-B525-943EBD02EB47}.Debug|x86.Build.0 = Debug|Any CPU
		{4EB7E3B7-6486-4815-B525-943EBD02EB47}.Release|Any CPU.ActiveCfg = Release|Any CPU
		{4EB7E3B7-6486-4815-B525-943EBD02EB47}.Release|Any CPU.Build.0 = Release|Any CPU
		{4EB7E3B7-6486-4815-B525-943EBD02EB47}.Release|x64.ActiveCfg = Release|Any CPU
		{4EB7E3B7-6486-4815-B525-943EBD02EB47}.Release|x64.Build.0 = Release|Any CPU
		{4EB7E3B7-6486-4815-B525-943EBD02EB47}.Release|x86.ActiveCfg = Release|Any CPU
		{4EB7E3B7-6486-4815-B525-943EBD02EB47}.Release|x86.Build.0 = Release|Any CPU
		{38B3B203-0F83-4FEA-9E00-70D7ED1D427C}.Debug|Any CPU.ActiveCfg = Debug|Any CPU
		{38B3B203-0F83-4FEA-9E00-70D7ED1D427C}.Debug|Any CPU.Build.0 = Debug|Any CPU
		{38B3B203-0F83-4FEA-9E00-70D7ED1D427C}.Debug|x64.ActiveCfg = Debug|Any CPU
		{38B3B203-0F83-4FEA-9E00-70D7ED1D427C}.Debug|x64.Build.0 = Debug|Any CPU
		{38B3B203-0F83-4FEA-9E00-70D7ED1D427C}.Debug|x86.ActiveCfg = Debug|Any CPU
		{38B3B203-0F83-4FEA-9E00-70D7ED1D427C}.Debug|x86.Build.0 = Debug|Any CPU
		{38B3B203-0F83-4FEA-9E00-70D7ED1D427C}.Release|Any CPU.ActiveCfg = Release|Any CPU
		{38B3B203-0F83-4FEA-9E00-70D7ED1D427C}.Release|Any CPU.Build.0 = Release|Any CPU
		{38B3B203-0F83-4FEA-9E00-70D7ED1D427C}.Release|x64.ActiveCfg = Release|Any CPU
		{38B3B203-0F83-4FEA-9E00-70D7ED1D427C}.Release|x64.Build.0 = Release|Any CPU
		{38B3B203-0F83-4FEA-9E00-70D7ED1D427C}.Release|x86.ActiveCfg = Release|Any CPU
		{38B3B203-0F83-4FEA-9E00-70D7ED1D427C}.Release|x86.Build.0 = Release|Any CPU
		{C96FEB9A-D14E-4F00-8A3F-B312F408525F}.Debug|Any CPU.ActiveCfg = Debug|Any CPU
		{C96FEB9A-D14E-4F00-8A3F-B312F408525F}.Debug|Any CPU.Build.0 = Debug|Any CPU
		{C96FEB9A-D14E-4F00-8A3F-B312F408525F}.Debug|x64.ActiveCfg = Debug|Any CPU
		{C96FEB9A-D14E-4F00-8A3F-B312F408525F}.Debug|x64.Build.0 = Debug|Any CPU
		{C96FEB9A-D14E-4F00-8A3F-B312F408525F}.Debug|x86.ActiveCfg = Debug|Any CPU
		{C96FEB9A-D14E-4F00-8A3F-B312F408525F}.Debug|x86.Build.0 = Debug|Any CPU
		{C96FEB9A-D14E-4F00-8A3F-B312F408525F}.Release|Any CPU.ActiveCfg = Release|Any CPU
		{C96FEB9A-D14E-4F00-8A3F-B312F408525F}.Release|Any CPU.Build.0 = Release|Any CPU
		{C96FEB9A-D14E-4F00-8A3F-B312F408525F}.Release|x64.ActiveCfg = Release|Any CPU
		{C96FEB9A-D14E-4F00-8A3F-B312F408525F}.Release|x64.Build.0 = Release|Any CPU
		{C96FEB9A-D14E-4F00-8A3F-B312F408525F}.Release|x86.ActiveCfg = Release|Any CPU
		{C96FEB9A-D14E-4F00-8A3F-B312F408525F}.Release|x86.Build.0 = Release|Any CPU
	EndGlobalSection
	GlobalSection(SolutionProperties) = preSolution
		HideSolutionNode = FALSE
	EndGlobalSection
	GlobalSection(NestedProjects) = preSolution
		{982384CA-52FA-406B-B31C-331A19CC5ABB} = {827E0CD3-B72D-47B6-A68D-7590B98EB39B}
		{F61808E1-C5BB-428D-87A4-C0FB66CFDC02} = {827E0CD3-B72D-47B6-A68D-7590B98EB39B}
		{BC1A8030-94A5-4BE8-9CFD-6E7A58CDEE24} = {0AB3BF05-4346-4AA6-1389-037BE0695223}
		{F5D448E0-F189-4299-B60B-A981395F9DB3} = {0AB3BF05-4346-4AA6-1389-037BE0695223}
		{4EB7E3B7-6486-4815-B525-943EBD02EB47} = {0AB3BF05-4346-4AA6-1389-037BE0695223}
		{38B3B203-0F83-4FEA-9E00-70D7ED1D427C} = {0AB3BF05-4346-4AA6-1389-037BE0695223}
		{C96FEB9A-D14E-4F00-8A3F-B312F408525F} = {827E0CD3-B72D-47B6-A68D-7590B98EB39B}
	EndGlobalSection
EndGlobal
